
Microsoft Visual Studio Solution File, Format Version 12.00
# Visual Studio Version 17
VisualStudioVersion = 17.4.33213.308
MinimumVisualStudioVersion = 10.0.40219.1
Project("{FAE04EC0-301F-11D3-BF4B-00C04F79EFBC}") = "BubbleSort", "BubbleSort.csproj", "{F5E1D799-7523-4F74-BB17-6EB3922BF0B0}"
EndProject
Global
	GlobalSection(SolutionConfigurationPlatforms) = preSolution
		Debug|Any CPU = Debug|Any CPU
		Release|Any CPU = Release|Any CPU
	EndGlobalSection
	GlobalSection(ProjectConfigurationPlatforms) = postSolution
		{F5E1D799-7523-4F74-BB17-6EB3922BF0B0}.Debug|Any CPU.ActiveCfg = Debug|Any CPU
		{F5E1D799-7523-4F74-BB17-6EB3922BF0B0}.Debug|Any CPU.Build.0 = Debug|Any CPU
		{F5E1D799-7523-4F74-BB17-6EB3922BF0B0}.Release|Any CPU.ActiveCfg = Release|Any CPU
		{F5E1D799-7523-4F74-BB17-6EB3922BF0B0}.Release|Any CPU.Build.0 = Release|Any CPU
	EndGlobalSection
	GlobalSection(SolutionProperties) = preSolution
		HideSolutionNode = FALSE
	EndGlobalSection
	GlobalSection(ExtensibilityGlobals) = postSolution
		SolutionGuid = {D2167A0B-62F1-4AFA-8CB6-20F0A3C9F172}
	EndGlobalSection
EndGlobal
