
Microsoft Visual Studio Solution File, Format Version 12.00
# Visual Studio Version 17
VisualStudioVersion = 17.4.33213.308
MinimumVisualStudioVersion = 10.0.40219.1
Project("{FAE04EC0-301F-11D3-BF4B-00C04F79EFBC}") = "CityLandRiver", "CityLandRiver.csproj", "{E8C0E17F-8409-4F0D-9420-DE91C014514A}"
EndProject
Global
	GlobalSection(SolutionConfigurationPlatforms) = preSolution
		Debug|Any CPU = Debug|Any CPU
		Release|Any CPU = Release|Any CPU
	EndGlobalSection
	GlobalSection(ProjectConfigurationPlatforms) = postSolution
		{E8C0E17F-8409-4F0D-9420-DE91C014514A}.Debug|Any CPU.ActiveCfg = Debug|Any CPU
		{E8C0E17F-8409-4F0D-9420-DE91C014514A}.Debug|Any CPU.Build.0 = Debug|Any CPU
		{E8C0E17F-8409-4F0D-9420-DE91C014514A}.Release|Any CPU.ActiveCfg = Release|Any CPU
		{E8C0E17F-8409-4F0D-9420-DE91C014514A}.Release|Any CPU.Build.0 = Release|Any CPU
	EndGlobalSection
	GlobalSection(SolutionProperties) = preSolution
		HideSolutionNode = FALSE
	EndGlobalSection
	GlobalSection(ExtensibilityGlobals) = postSolution
		SolutionGuid = {EF61DD51-5D84-4B3D-9436-5DBE772CB35B}
	EndGlobalSection
EndGlobal
